
Microsoft Visual Studio Solution File, Format Version 12.00
# Visual Studio Version 17
VisualStudioVersion = 17.10.34928.147
MinimumVisualStudioVersion = 10.0.40219.1
Project("{FAE04EC0-301F-11D3-BF4B-00C04F79EFBC}") = "net_prog_6", "net_prog_6\net_prog_6.csproj", "{107827F5-5D0D-4495-B2EC-1FB9EF26D8E7}"
EndProject
Global
	GlobalSection(SolutionConfigurationPlatforms) = preSolution
		Debug|Any CPU = Debug|Any CPU
		Release|Any CPU = Release|Any CPU
	EndGlobalSection
	GlobalSection(ProjectConfigurationPlatforms) = postSolution
		{107827F5-5D0D-4495-B2EC-1FB9EF26D8E7}.Debug|Any CPU.ActiveCfg = Debug|Any CPU
		{107827F5-5D0D-4495-B2EC-1FB9EF26D8E7}.Debug|Any CPU.Build.0 = Debug|Any CPU
		{107827F5-5D0D-4495-B2EC-1FB9EF26D8E7}.Release|Any CPU.ActiveCfg = Release|Any CPU
		{107827F5-5D0D-4495-B2EC-1FB9EF26D8E7}.Release|Any CPU.Build.0 = Release|Any CPU
	EndGlobalSection
	GlobalSection(SolutionProperties) = preSolution
		HideSolutionNode = FALSE
	EndGlobalSection
	GlobalSection(ExtensibilityGlobals) = postSolution
		SolutionGuid = {EE0997DA-8178-4008-B745-BA6DA28885C8}
	EndGlobalSection
EndGlobal
